
Microsoft Visual Studio Solution File, Format Version 12.00
# Visual Studio 15
Project("{FAE04EC0-301F-11D3-BF4B-00C04F79EFBC}") = "Unity.Timeline", "Unity.Timeline.csproj", "{38375422-9B9C-24F1-980D-220BC504BE06}"
EndProject
Project("{FAE04EC0-301F-11D3-BF4B-00C04F79EFBC}") = "Unity.ShaderGraph.Editor", "Unity.ShaderGraph.Editor.csproj", "{EFF4C5B4-82EC-2B79-0A47-793B74F55459}"
EndProject
Project("{FAE04EC0-301F-11D3-BF4B-00C04F79EFBC}") = "Unity.VisualScripting.Flow", "Unity.VisualScripting.Flow.csproj", "{33FBBC27-7139-E06B-3520-7AC3AB879D58}"
EndProject
Project("{FAE04EC0-301F-11D3-BF4B-00C04F79EFBC}") = "Unity.RenderPipelines.Universal.Runtime", "Unity.RenderPipelines.Universal.Runtime.csproj", "{A2931F9F-9D67-3715-ADC0-ABDBFECA08A8}"
EndProject
Project("{FAE04EC0-301F-11D3-BF4B-00C04F79EFBC}") = "UnityEditor.UI", "UnityEditor.UI.csproj", "{6FBFCE80-9CD4-B9BE-B36E-6007E52B2C26}"
EndProject
Project("{FAE04EC0-301F-11D3-BF4B-00C04F79EFBC}") = "Unity.Timeline.Editor", "Unity.Timeline.Editor.csproj", "{E03349CB-A42A-9157-3976-DEDAEAA0C914}"
EndProject
Project("{FAE04EC0-301F-11D3-BF4B-00C04F79EFBC}") = "Unity.PlasticSCM.Editor", "Unity.PlasticSCM.Editor.csproj", "{EC70DA9E-7E95-0EB9-10A2-A6C0F995358A}"
EndProject
Project("{FAE04EC0-301F-11D3-BF4B-00C04F79EFBC}") = "Unity.RenderPipelines.Core.Runtime", "Unity.RenderPipelines.Core.Runtime.csproj", "{741F9CB8-2459-63F7-8CD5-6F46912DE098}"
EndProject
Project("{FAE04EC0-301F-11D3-BF4B-00C04F79EFBC}") = "Unity.Mathematics", "Unity.Mathematics.csproj", "{9CD2BCC0-CB4C-55F6-76F6-DAB4497501FE}"
EndProject
Project("{FAE04EC0-301F-11D3-BF4B-00C04F79EFBC}") = "Unity.RenderPipelines.Core.Editor", "Unity.RenderPipelines.Core.Editor.csproj", "{D04C5149-2BB7-BABC-46D9-D2F60DDC5120}"
EndProject
Project("{FAE04EC0-301F-11D3-BF4B-00C04F79EFBC}") = "Unity.VisualScripting.Core.Editor", "Unity.VisualScripting.Core.Editor.csproj", "{47F98F55-25D4-94E3-6A0C-D6B482ED7097}"
EndProject
Project("{FAE04EC0-301F-11D3-BF4B-00C04F79EFBC}") = "UnityEditor.TestRunner", "UnityEditor.TestRunner.csproj", "{4F086457-D191-7076-7410-67AEC367A1E6}"
EndProject
Project("{FAE04EC0-301F-11D3-BF4B-00C04F79EFBC}") = "Unity.InputSystem", "Unity.InputSystem.csproj", "{A6728883-3F96-1453-BADF-A76E888BC3C2}"
EndProject
Project("{FAE04EC0-301F-11D3-BF4B-00C04F79EFBC}") = "Unity.RenderPipelines.Universal.Editor", "Unity.RenderPipelines.Universal.Editor.csproj", "{E3F0EE94-F6F5-9417-D0DA-EEC7B2CE64CD}"
EndProject
Project("{FAE04EC0-301F-11D3-BF4B-00C04F79EFBC}") = "Unity.TextMeshPro.Editor", "Unity.TextMeshPro.Editor.csproj", "{86756E5E-082C-A21D-9898-02B2B77CA371}"
EndProject
Project("{FAE04EC0-301F-11D3-BF4B-00C04F79EFBC}") = "Unity.VisualScripting.Flow.Editor", "Unity.VisualScripting.Flow.Editor.csproj", "{53A68636-7DAB-DF1C-01C7-482937DFF16B}"
EndProject
Project("{FAE04EC0-301F-11D3-BF4B-00C04F79EFBC}") = "UnityEngine.TestRunner", "UnityEngine.TestRunner.csproj", "{DAD9B2D8-0B1D-A9D9-A96D-D44ACC306929}"
EndProject
Project("{FAE04EC0-301F-11D3-BF4B-00C04F79EFBC}") = "Unity.VisualScripting.Core", "Unity.VisualScripting.Core.csproj", "{8ADD1E7B-E53C-DDD0-EC1B-2D1CACD1C84B}"
EndProject
Project("{FAE04EC0-301F-11D3-BF4B-00C04F79EFBC}") = "Unity.Searcher.Editor", "Unity.Searcher.Editor.csproj", "{D4DF8A14-4AC7-D360-F7B1-78DBFEDE8C88}"
EndProject
Project("{FAE04EC0-301F-11D3-BF4B-00C04F79EFBC}") = "Unity.Burst", "Unity.Burst.csproj", "{C2B84E9C-15EC-899A-EBF8-EF3CB501CEA0}"
EndProject
Project("{FAE04EC0-301F-11D3-BF4B-00C04F79EFBC}") = "Cinemachine", "Cinemachine.csproj", "{DB0A9773-981B-AC7F-AE35-196245B1D5A9}"
EndProject
Project("{FAE04EC0-301F-11D3-BF4B-00C04F79EFBC}") = "Unity.VisualStudio.Editor", "Unity.VisualStudio.Editor.csproj", "{99EBA564-5C08-558B-4D9A-0B337D3F3BC7}"
EndProject
Project("{FAE04EC0-301F-11D3-BF4B-00C04F79EFBC}") = "PPv2URPConverters", "PPv2URPConverters.csproj", "{07BFA0AA-03F7-E571-1AE7-ED5B1574E34E}"
EndProject
Project("{FAE04EC0-301F-11D3-BF4B-00C04F79EFBC}") = "Unity.TestTools.CodeCoverage.Editor.OpenCover.Model", "Unity.TestTools.CodeCoverage.Editor.OpenCover.Model.csproj", "{70A5637F-E374-831A-1259-120A462FBD13}"
EndProject
Project("{FAE04EC0-301F-11D3-BF4B-00C04F79EFBC}") = "Unity.Rider.Editor", "Unity.Rider.Editor.csproj", "{7C44311E-F0A8-C2BA-D7BA-9EF953CFDAB8}"
EndProject
Project("{FAE04EC0-301F-11D3-BF4B-00C04F79EFBC}") = "Unity.VisualScripting.State.Editor", "Unity.VisualScripting.State.Editor.csproj", "{BBEFFAF4-317B-5325-C39B-B11F5ED86AC5}"
EndProject
Project("{FAE04EC0-301F-11D3-BF4B-00C04F79EFBC}") = "com.unity.cinemachine.editor", "com.unity.cinemachine.editor.csproj", "{90E1E5BF-DBC3-89E9-5FFB-AA33FC0C1237}"
EndProject
Project("{FAE04EC0-301F-11D3-BF4B-00C04F79EFBC}") = "UnityEngine.UI", "UnityEngine.UI.csproj", "{273D5ABF-5217-A4E6-7E6B-B9F131B25B27}"
EndProject
Project("{FAE04EC0-301F-11D3-BF4B-00C04F79EFBC}") = "Unity.TestTools.CodeCoverage.Editor", "Unity.TestTools.CodeCoverage.Editor.csproj", "{11D4BCEF-5300-75A1-1692-91E0B2FE76FF}"
EndProject
Project("{FAE04EC0-301F-11D3-BF4B-00C04F79EFBC}") = "Unity.Burst.CodeGen", "Unity.Burst.CodeGen.csproj", "{D37BD9F8-146C-9C68-28BC-F2FF1501E711}"
EndProject
Project("{FAE04EC0-301F-11D3-BF4B-00C04F79EFBC}") = "Unity.RenderPipeline.Universal.ShaderLibrary", "Unity.RenderPipeline.Universal.ShaderLibrary.csproj", "{08AC4D14-965D-9BBF-D8F3-6D6FDEA44650}"
EndProject
Project("{FAE04EC0-301F-11D3-BF4B-00C04F79EFBC}") = "Unity.VisualScripting.State", "Unity.VisualScripting.State.csproj", "{C63E4A87-B475-88E3-2C6D-F14C27541582}"
EndProject
Project("{FAE04EC0-301F-11D3-BF4B-00C04F79EFBC}") = "Unity.TextMeshPro", "Unity.TextMeshPro.csproj", "{8DFF565C-3088-0874-5189-750E6A985CC8}"
EndProject
Project("{FAE04EC0-301F-11D3-BF4B-00C04F79EFBC}") = "Unity.Performance.Profile-Analyzer.Editor", "Unity.Performance.Profile-Analyzer.Editor.csproj", "{AC95658E-9D8E-A093-757D-8E5078045F1A}"
EndProject
Project("{FAE04EC0-301F-11D3-BF4B-00C04F79EFBC}") = "Unity.VisualScripting.SettingsProvider.Editor", "Unity.VisualScripting.SettingsProvider.Editor.csproj", "{7772C2BC-24C0-C9C9-1CD4-AD7CC3625253}"
EndProject
Project("{FAE04EC0-301F-11D3-BF4B-00C04F79EFBC}") = "Unity.VSCode.Editor", "Unity.VSCode.Editor.csproj", "{34484054-28D7-7435-8C5C-3CA68F312108}"
EndProject
Project("{FAE04EC0-301F-11D3-BF4B-00C04F79EFBC}") = "Unity.Burst.Editor", "Unity.Burst.Editor.csproj", "{F44A1A58-B417-2E07-C425-00F0DD2A426E}"
EndProject
Project("{FAE04EC0-301F-11D3-BF4B-00C04F79EFBC}") = "Unity.TestTools.CodeCoverage.Editor.OpenCover.Mono.Reflection", "Unity.TestTools.CodeCoverage.Editor.OpenCover.Mono.Reflection.csproj", "{18691D20-7FAA-5F24-B4C2-5CFA6AFBBC1E}"
EndProject
Project("{FAE04EC0-301F-11D3-BF4B-00C04F79EFBC}") = "Unity.Sysroot.Linux_x86_64", "Unity.Sysroot.Linux_x86_64.csproj", "{C174F749-C91C-38AB-BF6F-B620D8DFF2F8}"
EndProject
Project("{FAE04EC0-301F-11D3-BF4B-00C04F79EFBC}") = "Assembly-CSharp", "Assembly-CSharp.csproj", "{CC2F906E-73C2-7995-967E-68722AA3C582}"
EndProject
Project("{FAE04EC0-301F-11D3-BF4B-00C04F79EFBC}") = "Unity.Settings.Editor", "Unity.Settings.Editor.csproj", "{677F9B9B-1067-EBA6-036A-5D053D23F0FF}"
EndProject
Project("{FAE04EC0-301F-11D3-BF4B-00C04F79EFBC}") = "Unity.2D.Sprite.Editor", "Unity.2D.Sprite.Editor.csproj", "{237D2588-42AA-4EE6-B0CF-D6ECC6CEA135}"
EndProject
Project("{FAE04EC0-301F-11D3-BF4B-00C04F79EFBC}") = "Unity.InputSystem.ForUI", "Unity.InputSystem.ForUI.csproj", "{98039594-A7A6-3CC8-6606-638723763E96}"
EndProject
Project("{FAE04EC0-301F-11D3-BF4B-00C04F79EFBC}") = "Unity.Mathematics.Editor", "Unity.Mathematics.Editor.csproj", "{36A1DDCE-668F-4CB3-30BB-54CEDE0803AF}"
EndProject
Project("{FAE04EC0-301F-11D3-BF4B-00C04F79EFBC}") = "Unity.InputSystem.TestFramework", "Unity.InputSystem.TestFramework.csproj", "{17D2E48E-BC6F-0FC8-8358-7BE821161DB7}"
EndProject
Project("{FAE04EC0-301F-11D3-BF4B-00C04F79EFBC}") = "Unity.SysrootPackage.Editor", "Unity.SysrootPackage.Editor.csproj", "{CE859D3B-BFB2-ABD6-4FE0-BAFE1D591F37}"
EndProject
Project("{FAE04EC0-301F-11D3-BF4B-00C04F79EFBC}") = "Unity.ShaderGraph.Utilities", "Unity.ShaderGraph.Utilities.csproj", "{4FE9757C-76ED-826C-6C0D-18678E70B63C}"
EndProject
Project("{FAE04EC0-301F-11D3-BF4B-00C04F79EFBC}") = "Unity.VisualScripting.Shared.Editor", "Unity.VisualScripting.Shared.Editor.csproj", "{758817C0-664E-AF5C-C7A6-3D5E617572A0}"
EndProject
Project("{FAE04EC0-301F-11D3-BF4B-00C04F79EFBC}") = "Unity.Toolchain.Win-x86_64-Linux-x86_64", "Unity.Toolchain.Win-x86_64-Linux-x86_64.csproj", "{3CFDAC93-A31B-7DB1-24A0-859819C73038}"
EndProject
Project("{FAE04EC0-301F-11D3-BF4B-00C04F79EFBC}") = "Unity.EditorCoroutines.Editor", "Unity.EditorCoroutines.Editor.csproj", "{B695C035-4900-2A52-AA25-892F46466363}"
EndProject
Project("{FAE04EC0-301F-11D3-BF4B-00C04F79EFBC}") = "Assembly-CSharp-Editor", "Assembly-CSharp-Editor.csproj", "{1D6CC39A-283F-0893-D216-F37248912EE5}"
EndProject
Project("{FAE04EC0-301F-11D3-BF4B-00C04F79EFBC}") = "Unity.CollabProxy.Editor", "Unity.CollabProxy.Editor.csproj", "{E452CD8F-784B-0E6E-D445-5619519719A5}"
EndProject
Project("{FAE04EC0-301F-11D3-BF4B-00C04F79EFBC}") = "Unity.RenderPipelines.ShaderGraph.ShaderGraphLibrary", "Unity.RenderPipelines.ShaderGraph.ShaderGraphLibrary.csproj", "{B08E3ACD-6355-F1B5-90DB-E156970F7C4A}"
EndProject
Project("{FAE04EC0-301F-11D3-BF4B-00C04F79EFBC}") = "Unity.RenderPipelines.Core.ShaderLibrary", "Unity.RenderPipelines.Core.ShaderLibrary.csproj", "{B22D8370-9AE3-C5AE-B2D2-E450F8EC1C84}"
EndProject
Project("{FAE04EC0-301F-11D3-BF4B-00C04F79EFBC}") = "Unity.RenderPipelines.Universal.Shaders", "Unity.RenderPipelines.Universal.Shaders.csproj", "{E048C119-1CDB-762C-25CF-9E5E334F765A}"
EndProject
Project("{FAE04EC0-301F-11D3-BF4B-00C04F79EFBC}") = "Unity.Timeline", "Unity.Timeline.Player.csproj", "{325C8B44-DF1A-0BB7-F4D7-B3D2281A01FF}"
EndProject
Project("{FAE04EC0-301F-11D3-BF4B-00C04F79EFBC}") = "Unity.VisualScripting.Flow", "Unity.VisualScripting.Flow.Player.csproj", "{8288C5B1-A970-35D0-4756-7570F0152E1A}"
EndProject
Project("{FAE04EC0-301F-11D3-BF4B-00C04F79EFBC}") = "Unity.RenderPipelines.Universal.Runtime", "Unity.RenderPipelines.Universal.Runtime.Player.csproj", "{3736978B-1109-DAFB-7448-631DBFC7ADAA}"
EndProject
Project("{FAE04EC0-301F-11D3-BF4B-00C04F79EFBC}") = "Unity.RenderPipelines.Core.Runtime", "Unity.RenderPipelines.Core.Runtime.Player.csproj", "{F0065335-E473-619A-9A86-435F4D443D3C}"
EndProject
Project("{FAE04EC0-301F-11D3-BF4B-00C04F79EFBC}") = "Unity.Mathematics", "Unity.Mathematics.Player.csproj", "{5B38DDBC-71F9-DF2B-E9C4-E7BEC33CCF9E}"
EndProject
Project("{FAE04EC0-301F-11D3-BF4B-00C04F79EFBC}") = "Unity.InputSystem", "Unity.InputSystem.Player.csproj", "{C35992DA-5FDE-1676-7931-A10A9C034747}"
EndProject
Project("{FAE04EC0-301F-11D3-BF4B-00C04F79EFBC}") = "UnityEngine.TestRunner", "UnityEngine.TestRunner.Player.csproj", "{D7389775-0FBC-1B03-9886-933D12104643}"
EndProject
Project("{FAE04EC0-301F-11D3-BF4B-00C04F79EFBC}") = "Unity.VisualScripting.Core", "Unity.VisualScripting.Core.Player.csproj", "{EEB0FEBF-9FC6-0387-E78E-811B4E234265}"
EndProject
Project("{FAE04EC0-301F-11D3-BF4B-00C04F79EFBC}") = "Unity.Burst", "Unity.Burst.Player.csproj", "{946C211B-96DC-B43F-C2FA-D83704B18CFB}"
EndProject
Project("{FAE04EC0-301F-11D3-BF4B-00C04F79EFBC}") = "Cinemachine", "Cinemachine.Player.csproj", "{8B0860C7-3D70-75E3-24A7-1EF516B5C726}"
EndProject
Project("{FAE04EC0-301F-11D3-BF4B-00C04F79EFBC}") = "UnityEngine.UI", "UnityEngine.UI.Player.csproj", "{3844BE15-5CA0-6F89-3993-775AD0FDA180}"
EndProject
Project("{FAE04EC0-301F-11D3-BF4B-00C04F79EFBC}") = "Unity.RenderPipeline.Universal.ShaderLibrary", "Unity.RenderPipeline.Universal.ShaderLibrary.Player.csproj", "{D7C8F65E-26A6-EBCC-DF5C-B0FEED2E6EB0}"
EndProject
Project("{FAE04EC0-301F-11D3-BF4B-00C04F79EFBC}") = "Unity.VisualScripting.State", "Unity.VisualScripting.State.Player.csproj", "{95BC8EC3-109C-B30C-90D6-D23FA985965C}"
EndProject
Project("{FAE04EC0-301F-11D3-BF4B-00C04F79EFBC}") = "Unity.TextMeshPro", "Unity.TextMeshPro.Player.csproj", "{9EC8DDDC-F1EA-18D2-CEDB-15D00522AB06}"
EndProject
Project("{FAE04EC0-301F-11D3-BF4B-00C04F79EFBC}") = "Assembly-CSharp", "Assembly-CSharp.Player.csproj", "{5E2883F2-7E38-5839-EB2C-2CB6A7569560}"
EndProject
Project("{FAE04EC0-301F-11D3-BF4B-00C04F79EFBC}") = "Unity.InputSystem.ForUI", "Unity.InputSystem.ForUI.Player.csproj", "{8304C0AC-4D9C-05E3-40A3-A2E3EC64A500}"
EndProject
Project("{FAE04EC0-301F-11D3-BF4B-00C04F79EFBC}") = "Unity.InputSystem.TestFramework", "Unity.InputSystem.TestFramework.Player.csproj", "{2EE46D69-6392-9E6F-CCFF-3A38A41CFC77}"
EndProject
Project("{FAE04EC0-301F-11D3-BF4B-00C04F79EFBC}") = "Unity.RenderPipelines.ShaderGraph.ShaderGraphLibrary", "Unity.RenderPipelines.ShaderGraph.ShaderGraphLibrary.Player.csproj", "{11F618F4-91A3-1FD8-C889-247AE62FF6A2}"
EndProject
Project("{FAE04EC0-301F-11D3-BF4B-00C04F79EFBC}") = "Unity.RenderPipelines.Core.ShaderLibrary", "Unity.RenderPipelines.Core.ShaderLibrary.Player.csproj", "{100782D1-A3EA-FE8F-C50F-271C860F186D}"
EndProject
Project("{FAE04EC0-301F-11D3-BF4B-00C04F79EFBC}") = "Unity.RenderPipelines.Universal.Shaders", "Unity.RenderPipelines.Universal.Shaders.Player.csproj", "{C6DD00E0-697F-13D1-CCB2-DB76A127F593}"
EndProject
Global
	GlobalSection(SolutionConfigurationPlatforms) = preSolution
		Debug|Any CPU = Debug|Any CPU
		Release|Any CPU = Release|Any CPU
	EndGlobalSection
	GlobalSection(ProjectConfigurationPlatforms) = postSolution
		{38375422-9B9C-24F1-980D-220BC504BE06}.Debug|Any CPU.ActiveCfg = Debug|Any CPU
		{38375422-9B9C-24F1-980D-220BC504BE06}.Debug|Any CPU.Build.0 = Debug|Any CPU
		{38375422-9B9C-24F1-980D-220BC504BE06}.Release|Any CPU.ActiveCfg = Release|Any CPU
		{38375422-9B9C-24F1-980D-220BC504BE06}.Release|Any CPU.Build.0 = Release|Any CPU
		{EFF4C5B4-82EC-2B79-0A47-793B74F55459}.Debug|Any CPU.ActiveCfg = Debug|Any CPU
		{EFF4C5B4-82EC-2B79-0A47-793B74F55459}.Debug|Any CPU.Build.0 = Debug|Any CPU
		{EFF4C5B4-82EC-2B79-0A47-793B74F55459}.Release|Any CPU.ActiveCfg = Release|Any CPU
		{EFF4C5B4-82EC-2B79-0A47-793B74F55459}.Release|Any CPU.Build.0 = Release|Any CPU
		{33FBBC27-7139-E06B-3520-7AC3AB879D58}.Debug|Any CPU.ActiveCfg = Debug|Any CPU
		{33FBBC27-7139-E06B-3520-7AC3AB879D58}.Debug|Any CPU.Build.0 = Debug|Any CPU
		{33FBBC27-7139-E06B-3520-7AC3AB879D58}.Release|Any CPU.ActiveCfg = Release|Any CPU
		{33FBBC27-7139-E06B-3520-7AC3AB879D58}.Release|Any CPU.Build.0 = Release|Any CPU
		{A2931F9F-9D67-3715-ADC0-ABDBFECA08A8}.Debug|Any CPU.ActiveCfg = Debug|Any CPU
		{A2931F9F-9D67-3715-ADC0-ABDBFECA08A8}.Debug|Any CPU.Build.0 = Debug|Any CPU
		{A2931F9F-9D67-3715-ADC0-ABDBFECA08A8}.Release|Any CPU.ActiveCfg = Release|Any CPU
		{A2931F9F-9D67-3715-ADC0-ABDBFECA08A8}.Release|Any CPU.Build.0 = Release|Any CPU
		{6FBFCE80-9CD4-B9BE-B36E-6007E52B2C26}.Debug|Any CPU.ActiveCfg = Debug|Any CPU
		{6FBFCE80-9CD4-B9BE-B36E-6007E52B2C26}.Debug|Any CPU.Build.0 = Debug|Any CPU
		{6FBFCE80-9CD4-B9BE-B36E-6007E52B2C26}.Release|Any CPU.ActiveCfg = Release|Any CPU
		{6FBFCE80-9CD4-B9BE-B36E-6007E52B2C26}.Release|Any CPU.Build.0 = Release|Any CPU
		{E03349CB-A42A-9157-3976-DEDAEAA0C914}.Debug|Any CPU.ActiveCfg = Debug|Any CPU
		{E03349CB-A42A-9157-3976-DEDAEAA0C914}.Debug|Any CPU.Build.0 = Debug|Any CPU
		{E03349CB-A42A-9157-3976-DEDAEAA0C914}.Release|Any CPU.ActiveCfg = Release|Any CPU
		{E03349CB-A42A-9157-3976-DEDAEAA0C914}.Release|Any CPU.Build.0 = Release|Any CPU
		{EC70DA9E-7E95-0EB9-10A2-A6C0F995358A}.Debug|Any CPU.ActiveCfg = Debug|Any CPU
		{EC70DA9E-7E95-0EB9-10A2-A6C0F995358A}.Debug|Any CPU.Build.0 = Debug|Any CPU
		{EC70DA9E-7E95-0EB9-10A2-A6C0F995358A}.Release|Any CPU.ActiveCfg = Release|Any CPU
		{EC70DA9E-7E95-0EB9-10A2-A6C0F995358A}.Release|Any CPU.Build.0 = Release|Any CPU
		{741F9CB8-2459-63F7-8CD5-6F46912DE098}.Debug|Any CPU.ActiveCfg = Debug|Any CPU
		{741F9CB8-2459-63F7-8CD5-6F46912DE098}.Debug|Any CPU.Build.0 = Debug|Any CPU
		{741F9CB8-2459-63F7-8CD5-6F46912DE098}.Release|Any CPU.ActiveCfg = Release|Any CPU
		{741F9CB8-2459-63F7-8CD5-6F46912DE098}.Release|Any CPU.Build.0 = Release|Any CPU
		{9CD2BCC0-CB4C-55F6-76F6-DAB4497501FE}.Debug|Any CPU.ActiveCfg = Debug|Any CPU
		{9CD2BCC0-CB4C-55F6-76F6-DAB4497501FE}.Debug|Any CPU.Build.0 = Debug|Any CPU
		{9CD2BCC0-CB4C-55F6-76F6-DAB4497501FE}.Release|Any CPU.ActiveCfg = Release|Any CPU
		{9CD2BCC0-CB4C-55F6-76F6-DAB4497501FE}.Release|Any CPU.Build.0 = Release|Any CPU
		{D04C5149-2BB7-BABC-46D9-D2F60DDC5120}.Debug|Any CPU.ActiveCfg = Debug|Any CPU
		{D04C5149-2BB7-BABC-46D9-D2F60DDC5120}.Debug|Any CPU.Build.0 = Debug|Any CPU
		{D04C5149-2BB7-BABC-46D9-D2F60DDC5120}.Release|Any CPU.ActiveCfg = Release|Any CPU
		{D04C5149-2BB7-BABC-46D9-D2F60DDC5120}.Release|Any CPU.Build.0 = Release|Any CPU
		{47F98F55-25D4-94E3-6A0C-D6B482ED7097}.Debug|Any CPU.ActiveCfg = Debug|Any CPU
		{47F98F55-25D4-94E3-6A0C-D6B482ED7097}.Debug|Any CPU.Build.0 = Debug|Any CPU
		{47F98F55-25D4-94E3-6A0C-D6B482ED7097}.Release|Any CPU.ActiveCfg = Release|Any CPU
		{47F98F55-25D4-94E3-6A0C-D6B482ED7097}.Release|Any CPU.Build.0 = Release|Any CPU
		{4F086457-D191-7076-7410-67AEC367A1E6}.Debug|Any CPU.ActiveCfg = Debug|Any CPU
		{4F086457-D191-7076-7410-67AEC367A1E6}.Debug|Any CPU.Build.0 = Debug|Any CPU
		{4F086457-D191-7076-7410-67AEC367A1E6}.Release|Any CPU.ActiveCfg = Release|Any CPU
		{4F086457-D191-7076-7410-67AEC367A1E6}.Release|Any CPU.Build.0 = Release|Any CPU
		{A6728883-3F96-1453-BADF-A76E888BC3C2}.Debug|Any CPU.ActiveCfg = Debug|Any CPU
		{A6728883-3F96-1453-BADF-A76E888BC3C2}.Debug|Any CPU.Build.0 = Debug|Any CPU
		{A6728883-3F96-1453-BADF-A76E888BC3C2}.Release|Any CPU.ActiveCfg = Release|Any CPU
		{A6728883-3F96-1453-BADF-A76E888BC3C2}.Release|Any CPU.Build.0 = Release|Any CPU
		{E3F0EE94-F6F5-9417-D0DA-EEC7B2CE64CD}.Debug|Any CPU.ActiveCfg = Debug|Any CPU
		{E3F0EE94-F6F5-9417-D0DA-EEC7B2CE64CD}.Debug|Any CPU.Build.0 = Debug|Any CPU
		{E3F0EE94-F6F5-9417-D0DA-EEC7B2CE64CD}.Release|Any CPU.ActiveCfg = Release|Any CPU
		{E3F0EE94-F6F5-9417-D0DA-EEC7B2CE64CD}.Release|Any CPU.Build.0 = Release|Any CPU
		{86756E5E-082C-A21D-9898-02B2B77CA371}.Debug|Any CPU.ActiveCfg = Debug|Any CPU
		{86756E5E-082C-A21D-9898-02B2B77CA371}.Debug|Any CPU.Build.0 = Debug|Any CPU
		{86756E5E-082C-A21D-9898-02B2B77CA371}.Release|Any CPU.ActiveCfg = Release|Any CPU
		{86756E5E-082C-A21D-9898-02B2B77CA371}.Release|Any CPU.Build.0 = Release|Any CPU
		{53A68636-7DAB-DF1C-01C7-482937DFF16B}.Debug|Any CPU.ActiveCfg = Debug|Any CPU
		{53A68636-7DAB-DF1C-01C7-482937DFF16B}.Debug|Any CPU.Build.0 = Debug|Any CPU
		{53A68636-7DAB-DF1C-01C7-482937DFF16B}.Release|Any CPU.ActiveCfg = Release|Any CPU
		{53A68636-7DAB-DF1C-01C7-482937DFF16B}.Release|Any CPU.Build.0 = Release|Any CPU
		{DAD9B2D8-0B1D-A9D9-A96D-D44ACC306929}.Debug|Any CPU.ActiveCfg = Debug|Any CPU
		{DAD9B2D8-0B1D-A9D9-A96D-D44ACC306929}.Debug|Any CPU.Build.0 = Debug|Any CPU
		{DAD9B2D8-0B1D-A9D9-A96D-D44ACC306929}.Release|Any CPU.ActiveCfg = Release|Any CPU
		{DAD9B2D8-0B1D-A9D9-A96D-D44ACC306929}.Release|Any CPU.Build.0 = Release|Any CPU
		{8ADD1E7B-E53C-DDD0-EC1B-2D1CACD1C84B}.Debug|Any CPU.ActiveCfg = Debug|Any CPU
		{8ADD1E7B-E53C-DDD0-EC1B-2D1CACD1C84B}.Debug|Any CPU.Build.0 = Debug|Any CPU
		{8ADD1E7B-E53C-DDD0-EC1B-2D1CACD1C84B}.Release|Any CPU.ActiveCfg = Release|Any CPU
		{8ADD1E7B-E53C-DDD0-EC1B-2D1CACD1C84B}.Release|Any CPU.Build.0 = Release|Any CPU
		{D4DF8A14-4AC7-D360-F7B1-78DBFEDE8C88}.Debug|Any CPU.ActiveCfg = Debug|Any CPU
		{D4DF8A14-4AC7-D360-F7B1-78DBFEDE8C88}.Debug|Any CPU.Build.0 = Debug|Any CPU
		{D4DF8A14-4AC7-D360-F7B1-78DBFEDE8C88}.Release|Any CPU.ActiveCfg = Release|Any CPU
		{D4DF8A14-4AC7-D360-F7B1-78DBFEDE8C88}.Release|Any CPU.Build.0 = Release|Any CPU
		{C2B84E9C-15EC-899A-EBF8-EF3CB501CEA0}.Debug|Any CPU.ActiveCfg = Debug|Any CPU
		{C2B84E9C-15EC-899A-EBF8-EF3CB501CEA0}.Debug|Any CPU.Build.0 = Debug|Any CPU
		{C2B84E9C-15EC-899A-EBF8-EF3CB501CEA0}.Release|Any CPU.ActiveCfg = Release|Any CPU
		{C2B84E9C-15EC-899A-EBF8-EF3CB501CEA0}.Release|Any CPU.Build.0 = Release|Any CPU
		{DB0A9773-981B-AC7F-AE35-196245B1D5A9}.Debug|Any CPU.ActiveCfg = Debug|Any CPU
		{DB0A9773-981B-AC7F-AE35-196245B1D5A9}.Debug|Any CPU.Build.0 = Debug|Any CPU
		{DB0A9773-981B-AC7F-AE35-196245B1D5A9}.Release|Any CPU.ActiveCfg = Release|Any CPU
		{DB0A9773-981B-AC7F-AE35-196245B1D5A9}.Release|Any CPU.Build.0 = Release|Any CPU
		{99EBA564-5C08-558B-4D9A-0B337D3F3BC7}.Debug|Any CPU.ActiveCfg = Debug|Any CPU
		{99EBA564-5C08-558B-4D9A-0B337D3F3BC7}.Debug|Any CPU.Build.0 = Debug|Any CPU
		{99EBA564-5C08-558B-4D9A-0B337D3F3BC7}.Release|Any CPU.ActiveCfg = Release|Any CPU
		{99EBA564-5C08-558B-4D9A-0B337D3F3BC7}.Release|Any CPU.Build.0 = Release|Any CPU
		{07BFA0AA-03F7-E571-1AE7-ED5B1574E34E}.Debug|Any CPU.ActiveCfg = Debug|Any CPU
		{07BFA0AA-03F7-E571-1AE7-ED5B1574E34E}.Debug|Any CPU.Build.0 = Debug|Any CPU
		{07BFA0AA-03F7-E571-1AE7-ED5B1574E34E}.Release|Any CPU.ActiveCfg = Release|Any CPU
		{07BFA0AA-03F7-E571-1AE7-ED5B1574E34E}.Release|Any CPU.Build.0 = Release|Any CPU
		{70A5637F-E374-831A-1259-120A462FBD13}.Debug|Any CPU.ActiveCfg = Debug|Any CPU
		{70A5637F-E374-831A-1259-120A462FBD13}.Debug|Any CPU.Build.0 = Debug|Any CPU
		{70A5637F-E374-831A-1259-120A462FBD13}.Release|Any CPU.ActiveCfg = Release|Any CPU
		{70A5637F-E374-831A-1259-120A462FBD13}.Release|Any CPU.Build.0 = Release|Any CPU
		{7C44311E-F0A8-C2BA-D7BA-9EF953CFDAB8}.Debug|Any CPU.ActiveCfg = Debug|Any CPU
		{7C44311E-F0A8-C2BA-D7BA-9EF953CFDAB8}.Debug|Any CPU.Build.0 = Debug|Any CPU
		{7C44311E-F0A8-C2BA-D7BA-9EF953CFDAB8}.Release|Any CPU.ActiveCfg = Release|Any CPU
		{7C44311E-F0A8-C2BA-D7BA-9EF953CFDAB8}.Release|Any CPU.Build.0 = Release|Any CPU
		{BBEFFAF4-317B-5325-C39B-B11F5ED86AC5}.Debug|Any CPU.ActiveCfg = Debug|Any CPU
		{BBEFFAF4-317B-5325-C39B-B11F5ED86AC5}.Debug|Any CPU.Build.0 = Debug|Any CPU
		{BBEFFAF4-317B-5325-C39B-B11F5ED86AC5}.Release|Any CPU.ActiveCfg = Release|Any CPU
		{BBEFFAF4-317B-5325-C39B-B11F5ED86AC5}.Release|Any CPU.Build.0 = Release|Any CPU
		{90E1E5BF-DBC3-89E9-5FFB-AA33FC0C1237}.Debug|Any CPU.ActiveCfg = Debug|Any CPU
		{90E1E5BF-DBC3-89E9-5FFB-AA33FC0C1237}.Debug|Any CPU.Build.0 = Debug|Any CPU
		{90E1E5BF-DBC3-89E9-5FFB-AA33FC0C1237}.Release|Any CPU.ActiveCfg = Release|Any CPU
		{90E1E5BF-DBC3-89E9-5FFB-AA33FC0C1237}.Release|Any CPU.Build.0 = Release|Any CPU
		{273D5ABF-5217-A4E6-7E6B-B9F131B25B27}.Debug|Any CPU.ActiveCfg = Debug|Any CPU
		{273D5ABF-5217-A4E6-7E6B-B9F131B25B27}.Debug|Any CPU.Build.0 = Debug|Any CPU
		{273D5ABF-5217-A4E6-7E6B-B9F131B25B27}.Release|Any CPU.ActiveCfg = Release|Any CPU
		{273D5ABF-5217-A4E6-7E6B-B9F131B25B27}.Release|Any CPU.Build.0 = Release|Any CPU
		{11D4BCEF-5300-75A1-1692-91E0B2FE76FF}.Debug|Any CPU.ActiveCfg = Debug|Any CPU
		{11D4BCEF-5300-75A1-1692-91E0B2FE76FF}.Debug|Any CPU.Build.0 = Debug|Any CPU
		{11D4BCEF-5300-75A1-1692-91E0B2FE76FF}.Release|Any CPU.ActiveCfg = Release|Any CPU
		{11D4BCEF-5300-75A1-1692-91E0B2FE76FF}.Release|Any CPU.Build.0 = Release|Any CPU
		{D37BD9F8-146C-9C68-28BC-F2FF1501E711}.Debug|Any CPU.ActiveCfg = Debug|Any CPU
		{D37BD9F8-146C-9C68-28BC-F2FF1501E711}.Debug|Any CPU.Build.0 = Debug|Any CPU
		{D37BD9F8-146C-9C68-28BC-F2FF1501E711}.Release|Any CPU.ActiveCfg = Release|Any CPU
		{D37BD9F8-146C-9C68-28BC-F2FF1501E711}.Release|Any CPU.Build.0 = Release|Any CPU
		{08AC4D14-965D-9BBF-D8F3-6D6FDEA44650}.Debug|Any CPU.ActiveCfg = Debug|Any CPU
		{08AC4D14-965D-9BBF-D8F3-6D6FDEA44650}.Debug|Any CPU.Build.0 = Debug|Any CPU
		{08AC4D14-965D-9BBF-D8F3-6D6FDEA44650}.Release|Any CPU.ActiveCfg = Release|Any CPU
		{08AC4D14-965D-9BBF-D8F3-6D6FDEA44650}.Release|Any CPU.Build.0 = Release|Any CPU
		{C63E4A87-B475-88E3-2C6D-F14C27541582}.Debug|Any CPU.ActiveCfg = Debug|Any CPU
		{C63E4A87-B475-88E3-2C6D-F14C27541582}.Debug|Any CPU.Build.0 = Debug|Any CPU
		{C63E4A87-B475-88E3-2C6D-F14C27541582}.Release|Any CPU.ActiveCfg = Release|Any CPU
		{C63E4A87-B475-88E3-2C6D-F14C27541582}.Release|Any CPU.Build.0 = Release|Any CPU
		{8DFF565C-3088-0874-5189-750E6A985CC8}.Debug|Any CPU.ActiveCfg = Debug|Any CPU
		{8DFF565C-3088-0874-5189-750E6A985CC8}.Debug|Any CPU.Build.0 = Debug|Any CPU
		{8DFF565C-3088-0874-5189-750E6A985CC8}.Release|Any CPU.ActiveCfg = Release|Any CPU
		{8DFF565C-3088-0874-5189-750E6A985CC8}.Release|Any CPU.Build.0 = Release|Any CPU
		{AC95658E-9D8E-A093-757D-8E5078045F1A}.Debug|Any CPU.ActiveCfg = Debug|Any CPU
		{AC95658E-9D8E-A093-757D-8E5078045F1A}.Debug|Any CPU.Build.0 = Debug|Any CPU
		{AC95658E-9D8E-A093-757D-8E5078045F1A}.Release|Any CPU.ActiveCfg = Release|Any CPU
		{AC95658E-9D8E-A093-757D-8E5078045F1A}.Release|Any CPU.Build.0 = Release|Any CPU
		{7772C2BC-24C0-C9C9-1CD4-AD7CC3625253}.Debug|Any CPU.ActiveCfg = Debug|Any CPU
		{7772C2BC-24C0-C9C9-1CD4-AD7CC3625253}.Debug|Any CPU.Build.0 = Debug|Any CPU
		{7772C2BC-24C0-C9C9-1CD4-AD7CC3625253}.Release|Any CPU.ActiveCfg = Release|Any CPU
		{7772C2BC-24C0-C9C9-1CD4-AD7CC3625253}.Release|Any CPU.Build.0 = Release|Any CPU
		{34484054-28D7-7435-8C5C-3CA68F312108}.Debug|Any CPU.ActiveCfg = Debug|Any CPU
		{34484054-28D7-7435-8C5C-3CA68F312108}.Debug|Any CPU.Build.0 = Debug|Any CPU
		{34484054-28D7-7435-8C5C-3CA68F312108}.Release|Any CPU.ActiveCfg = Release|Any CPU
		{34484054-28D7-7435-8C5C-3CA68F312108}.Release|Any CPU.Build.0 = Release|Any CPU
		{F44A1A58-B417-2E07-C425-00F0DD2A426E}.Debug|Any CPU.ActiveCfg = Debug|Any CPU
		{F44A1A58-B417-2E07-C425-00F0DD2A426E}.Debug|Any CPU.Build.0 = Debug|Any CPU
		{F44A1A58-B417-2E07-C425-00F0DD2A426E}.Release|Any CPU.ActiveCfg = Release|Any CPU
		{F44A1A58-B417-2E07-C425-00F0DD2A426E}.Release|Any CPU.Build.0 = Release|Any CPU
		{18691D20-7FAA-5F24-B4C2-5CFA6AFBBC1E}.Debug|Any CPU.ActiveCfg = Debug|Any CPU
		{18691D20-7FAA-5F24-B4C2-5CFA6AFBBC1E}.Debug|Any CPU.Build.0 = Debug|Any CPU
		{18691D20-7FAA-5F24-B4C2-5CFA6AFBBC1E}.Release|Any CPU.ActiveCfg = Release|Any CPU
		{18691D20-7FAA-5F24-B4C2-5CFA6AFBBC1E}.Release|Any CPU.Build.0 = Release|Any CPU
		{C174F749-C91C-38AB-BF6F-B620D8DFF2F8}.Debug|Any CPU.ActiveCfg = Debug|Any CPU
		{C174F749-C91C-38AB-BF6F-B620D8DFF2F8}.Debug|Any CPU.Build.0 = Debug|Any CPU
		{C174F749-C91C-38AB-BF6F-B620D8DFF2F8}.Release|Any CPU.ActiveCfg = Release|Any CPU
		{C174F749-C91C-38AB-BF6F-B620D8DFF2F8}.Release|Any CPU.Build.0 = Release|Any CPU
		{CC2F906E-73C2-7995-967E-68722AA3C582}.Debug|Any CPU.ActiveCfg = Debug|Any CPU
		{CC2F906E-73C2-7995-967E-68722AA3C582}.Debug|Any CPU.Build.0 = Debug|Any CPU
		{CC2F906E-73C2-7995-967E-68722AA3C582}.Release|Any CPU.ActiveCfg = Release|Any CPU
		{CC2F906E-73C2-7995-967E-68722AA3C582}.Release|Any CPU.Build.0 = Release|Any CPU
		{677F9B9B-1067-EBA6-036A-5D053D23F0FF}.Debug|Any CPU.ActiveCfg = Debug|Any CPU
		{677F9B9B-1067-EBA6-036A-5D053D23F0FF}.Debug|Any CPU.Build.0 = Debug|Any CPU
		{677F9B9B-1067-EBA6-036A-5D053D23F0FF}.Release|Any CPU.ActiveCfg = Release|Any CPU
		{677F9B9B-1067-EBA6-036A-5D053D23F0FF}.Release|Any CPU.Build.0 = Release|Any CPU
		{237D2588-42AA-4EE6-B0CF-D6ECC6CEA135}.Debug|Any CPU.ActiveCfg = Debug|Any CPU
		{237D2588-42AA-4EE6-B0CF-D6ECC6CEA135}.Debug|Any CPU.Build.0 = Debug|Any CPU
		{237D2588-42AA-4EE6-B0CF-D6ECC6CEA135}.Release|Any CPU.ActiveCfg = Release|Any CPU
		{237D2588-42AA-4EE6-B0CF-D6ECC6CEA135}.Release|Any CPU.Build.0 = Release|Any CPU
		{98039594-A7A6-3CC8-6606-638723763E96}.Debug|Any CPU.ActiveCfg = Debug|Any CPU
		{98039594-A7A6-3CC8-6606-638723763E96}.Debug|Any CPU.Build.0 = Debug|Any CPU
		{98039594-A7A6-3CC8-6606-638723763E96}.Release|Any CPU.ActiveCfg = Release|Any CPU
		{98039594-A7A6-3CC8-6606-638723763E96}.Release|Any CPU.Build.0 = Release|Any CPU
		{36A1DDCE-668F-4CB3-30BB-54CEDE0803AF}.Debug|Any CPU.ActiveCfg = Debug|Any CPU
		{36A1DDCE-668F-4CB3-30BB-54CEDE0803AF}.Debug|Any CPU.Build.0 = Debug|Any CPU
		{36A1DDCE-668F-4CB3-30BB-54CEDE0803AF}.Release|Any CPU.ActiveCfg = Release|Any CPU
		{36A1DDCE-668F-4CB3-30BB-54CEDE0803AF}.Release|Any CPU.Build.0 = Release|Any CPU
		{17D2E48E-BC6F-0FC8-8358-7BE821161DB7}.Debug|Any CPU.ActiveCfg = Debug|Any CPU
		{17D2E48E-BC6F-0FC8-8358-7BE821161DB7}.Debug|Any CPU.Build.0 = Debug|Any CPU
		{17D2E48E-BC6F-0FC8-8358-7BE821161DB7}.Release|Any CPU.ActiveCfg = Release|Any CPU
		{17D2E48E-BC6F-0FC8-8358-7BE821161DB7}.Release|Any CPU.Build.0 = Release|Any CPU
		{CE859D3B-BFB2-ABD6-4FE0-BAFE1D591F37}.Debug|Any CPU.ActiveCfg = Debug|Any CPU
		{CE859D3B-BFB2-ABD6-4FE0-BAFE1D591F37}.Debug|Any CPU.Build.0 = Debug|Any CPU
		{CE859D3B-BFB2-ABD6-4FE0-BAFE1D591F37}.Release|Any CPU.ActiveCfg = Release|Any CPU
		{CE859D3B-BFB2-ABD6-4FE0-BAFE1D591F37}.Release|Any CPU.Build.0 = Release|Any CPU
		{4FE9757C-76ED-826C-6C0D-18678E70B63C}.Debug|Any CPU.ActiveCfg = Debug|Any CPU
		{4FE9757C-76ED-826C-6C0D-18678E70B63C}.Debug|Any CPU.Build.0 = Debug|Any CPU
		{4FE9757C-76ED-826C-6C0D-18678E70B63C}.Release|Any CPU.ActiveCfg = Release|Any CPU
		{4FE9757C-76ED-826C-6C0D-18678E70B63C}.Release|Any CPU.Build.0 = Release|Any CPU
		{758817C0-664E-AF5C-C7A6-3D5E617572A0}.Debug|Any CPU.ActiveCfg = Debug|Any CPU
		{758817C0-664E-AF5C-C7A6-3D5E617572A0}.Debug|Any CPU.Build.0 = Debug|Any CPU
		{758817C0-664E-AF5C-C7A6-3D5E617572A0}.Release|Any CPU.ActiveCfg = Release|Any CPU
		{758817C0-664E-AF5C-C7A6-3D5E617572A0}.Release|Any CPU.Build.0 = Release|Any CPU
		{3CFDAC93-A31B-7DB1-24A0-859819C73038}.Debug|Any CPU.ActiveCfg = Debug|Any CPU
		{3CFDAC93-A31B-7DB1-24A0-859819C73038}.Debug|Any CPU.Build.0 = Debug|Any CPU
		{3CFDAC93-A31B-7DB1-24A0-859819C73038}.Release|Any CPU.ActiveCfg = Release|Any CPU
		{3CFDAC93-A31B-7DB1-24A0-859819C73038}.Release|Any CPU.Build.0 = Release|Any CPU
		{B695C035-4900-2A52-AA25-892F46466363}.Debug|Any CPU.ActiveCfg = Debug|Any CPU
		{B695C035-4900-2A52-AA25-892F46466363}.Debug|Any CPU.Build.0 = Debug|Any CPU
		{B695C035-4900-2A52-AA25-892F46466363}.Release|Any CPU.ActiveCfg = Release|Any CPU
		{B695C035-4900-2A52-AA25-892F46466363}.Release|Any CPU.Build.0 = Release|Any CPU
		{1D6CC39A-283F-0893-D216-F37248912EE5}.Debug|Any CPU.ActiveCfg = Debug|Any CPU
		{1D6CC39A-283F-0893-D216-F37248912EE5}.Debug|Any CPU.Build.0 = Debug|Any CPU
		{1D6CC39A-283F-0893-D216-F37248912EE5}.Release|Any CPU.ActiveCfg = Release|Any CPU
		{1D6CC39A-283F-0893-D216-F37248912EE5}.Release|Any CPU.Build.0 = Release|Any CPU
		{E452CD8F-784B-0E6E-D445-5619519719A5}.Debug|Any CPU.ActiveCfg = Debug|Any CPU
		{E452CD8F-784B-0E6E-D445-5619519719A5}.Debug|Any CPU.Build.0 = Debug|Any CPU
		{E452CD8F-784B-0E6E-D445-5619519719A5}.Release|Any CPU.ActiveCfg = Release|Any CPU
		{E452CD8F-784B-0E6E-D445-5619519719A5}.Release|Any CPU.Build.0 = Release|Any CPU
		{B08E3ACD-6355-F1B5-90DB-E156970F7C4A}.Debug|Any CPU.ActiveCfg = Debug|Any CPU
		{B08E3ACD-6355-F1B5-90DB-E156970F7C4A}.Debug|Any CPU.Build.0 = Debug|Any CPU
		{B08E3ACD-6355-F1B5-90DB-E156970F7C4A}.Release|Any CPU.ActiveCfg = Release|Any CPU
		{B08E3ACD-6355-F1B5-90DB-E156970F7C4A}.Release|Any CPU.Build.0 = Release|Any CPU
		{B22D8370-9AE3-C5AE-B2D2-E450F8EC1C84}.Debug|Any CPU.ActiveCfg = Debug|Any CPU
		{B22D8370-9AE3-C5AE-B2D2-E450F8EC1C84}.Debug|Any CPU.Build.0 = Debug|Any CPU
		{B22D8370-9AE3-C5AE-B2D2-E450F8EC1C84}.Release|Any CPU.ActiveCfg = Release|Any CPU
		{B22D8370-9AE3-C5AE-B2D2-E450F8EC1C84}.Release|Any CPU.Build.0 = Release|Any CPU
		{E048C119-1CDB-762C-25CF-9E5E334F765A}.Debug|Any CPU.ActiveCfg = Debug|Any CPU
		{E048C119-1CDB-762C-25CF-9E5E334F765A}.Debug|Any CPU.Build.0 = Debug|Any CPU
		{E048C119-1CDB-762C-25CF-9E5E334F765A}.Release|Any CPU.ActiveCfg = Release|Any CPU
		{E048C119-1CDB-762C-25CF-9E5E334F765A}.Release|Any CPU.Build.0 = Release|Any CPU
		{325C8B44-DF1A-0BB7-F4D7-B3D2281A01FF}.Debug|Any CPU.ActiveCfg = Debug|Any CPU
		{325C8B44-DF1A-0BB7-F4D7-B3D2281A01FF}.Debug|Any CPU.Build.0 = Debug|Any CPU
		{325C8B44-DF1A-0BB7-F4D7-B3D2281A01FF}.Release|Any CPU.ActiveCfg = Release|Any CPU
		{325C8B44-DF1A-0BB7-F4D7-B3D2281A01FF}.Release|Any CPU.Build.0 = Release|Any CPU
		{8288C5B1-A970-35D0-4756-7570F0152E1A}.Debug|Any CPU.ActiveCfg = Debug|Any CPU
		{8288C5B1-A970-35D0-4756-7570F0152E1A}.Debug|Any CPU.Build.0 = Debug|Any CPU
		{8288C5B1-A970-35D0-4756-7570F0152E1A}.Release|Any CPU.ActiveCfg = Release|Any CPU
		{8288C5B1-A970-35D0-4756-7570F0152E1A}.Release|Any CPU.Build.0 = Release|Any CPU
		{3736978B-1109-DAFB-7448-631DBFC7ADAA}.Debug|Any CPU.ActiveCfg = Debug|Any CPU
		{3736978B-1109-DAFB-7448-631DBFC7ADAA}.Debug|Any CPU.Build.0 = Debug|Any CPU
		{3736978B-1109-DAFB-7448-631DBFC7ADAA}.Release|Any CPU.ActiveCfg = Release|Any CPU
		{3736978B-1109-DAFB-7448-631DBFC7ADAA}.Release|Any CPU.Build.0 = Release|Any CPU
		{F0065335-E473-619A-9A86-435F4D443D3C}.Debug|Any CPU.ActiveCfg = Debug|Any CPU
		{F0065335-E473-619A-9A86-435F4D443D3C}.Debug|Any CPU.Build.0 = Debug|Any CPU
		{F0065335-E473-619A-9A86-435F4D443D3C}.Release|Any CPU.ActiveCfg = Release|Any CPU
		{F0065335-E473-619A-9A86-435F4D443D3C}.Release|Any CPU.Build.0 = Release|Any CPU
		{5B38DDBC-71F9-DF2B-E9C4-E7BEC33CCF9E}.Debug|Any CPU.ActiveCfg = Debug|Any CPU
		{5B38DDBC-71F9-DF2B-E9C4-E7BEC33CCF9E}.Debug|Any CPU.Build.0 = Debug|Any CPU
		{5B38DDBC-71F9-DF2B-E9C4-E7BEC33CCF9E}.Release|Any CPU.ActiveCfg = Release|Any CPU
		{5B38DDBC-71F9-DF2B-E9C4-E7BEC33CCF9E}.Release|Any CPU.Build.0 = Release|Any CPU
		{C35992DA-5FDE-1676-7931-A10A9C034747}.Debug|Any CPU.ActiveCfg = Debug|Any CPU
		{C35992DA-5FDE-1676-7931-A10A9C034747}.Debug|Any CPU.Build.0 = Debug|Any CPU
		{C35992DA-5FDE-1676-7931-A10A9C034747}.Release|Any CPU.ActiveCfg = Release|Any CPU
		{C35992DA-5FDE-1676-7931-A10A9C034747}.Release|Any CPU.Build.0 = Release|Any CPU
		{D7389775-0FBC-1B03-9886-933D12104643}.Debug|Any CPU.ActiveCfg = Debug|Any CPU
		{D7389775-0FBC-1B03-9886-933D12104643}.Debug|Any CPU.Build.0 = Debug|Any CPU
		{D7389775-0FBC-1B03-9886-933D12104643}.Release|Any CPU.ActiveCfg = Release|Any CPU
		{D7389775-0FBC-1B03-9886-933D12104643}.Release|Any CPU.Build.0 = Release|Any CPU
		{EEB0FEBF-9FC6-0387-E78E-811B4E234265}.Debug|Any CPU.ActiveCfg = Debug|Any CPU
		{EEB0FEBF-9FC6-0387-E78E-811B4E234265}.Debug|Any CPU.Build.0 = Debug|Any CPU
		{EEB0FEBF-9FC6-0387-E78E-811B4E234265}.Release|Any CPU.ActiveCfg = Release|Any CPU
		{EEB0FEBF-9FC6-0387-E78E-811B4E234265}.Release|Any CPU.Build.0 = Release|Any CPU
		{946C211B-96DC-B43F-C2FA-D83704B18CFB}.Debug|Any CPU.ActiveCfg = Debug|Any CPU
		{946C211B-96DC-B43F-C2FA-D83704B18CFB}.Debug|Any CPU.Build.0 = Debug|Any CPU
		{946C211B-96DC-B43F-C2FA-D83704B18CFB}.Release|Any CPU.ActiveCfg = Release|Any CPU
		{946C211B-96DC-B43F-C2FA-D83704B18CFB}.Release|Any CPU.Build.0 = Release|Any CPU
		{8B0860C7-3D70-75E3-24A7-1EF516B5C726}.Debug|Any CPU.ActiveCfg = Debug|Any CPU
		{8B0860C7-3D70-75E3-24A7-1EF516B5C726}.Debug|Any CPU.Build.0 = Debug|Any CPU
		{8B0860C7-3D70-75E3-24A7-1EF516B5C726}.Release|Any CPU.ActiveCfg = Release|Any CPU
		{8B0860C7-3D70-75E3-24A7-1EF516B5C726}.Release|Any CPU.Build.0 = Release|Any CPU
		{3844BE15-5CA0-6F89-3993-775AD0FDA180}.Debug|Any CPU.ActiveCfg = Debug|Any CPU
		{3844BE15-5CA0-6F89-3993-775AD0FDA180}.Debug|Any CPU.Build.0 = Debug|Any CPU
		{3844BE15-5CA0-6F89-3993-775AD0FDA180}.Release|Any CPU.ActiveCfg = Release|Any CPU
		{3844BE15-5CA0-6F89-3993-775AD0FDA180}.Release|Any CPU.Build.0 = Release|Any CPU
		{D7C8F65E-26A6-EBCC-DF5C-B0FEED2E6EB0}.Debug|Any CPU.ActiveCfg = Debug|Any CPU
		{D7C8F65E-26A6-EBCC-DF5C-B0FEED2E6EB0}.Debug|Any CPU.Build.0 = Debug|Any CPU
		{D7C8F65E-26A6-EBCC-DF5C-B0FEED2E6EB0}.Release|Any CPU.ActiveCfg = Release|Any CPU
		{D7C8F65E-26A6-EBCC-DF5C-B0FEED2E6EB0}.Release|Any CPU.Build.0 = Release|Any CPU
		{95BC8EC3-109C-B30C-90D6-D23FA985965C}.Debug|Any CPU.ActiveCfg = Debug|Any CPU
		{95BC8EC3-109C-B30C-90D6-D23FA985965C}.Debug|Any CPU.Build.0 = Debug|Any CPU
		{95BC8EC3-109C-B30C-90D6-D23FA985965C}.Release|Any CPU.ActiveCfg = Release|Any CPU
		{95BC8EC3-109C-B30C-90D6-D23FA985965C}.Release|Any CPU.Build.0 = Release|Any CPU
		{9EC8DDDC-F1EA-18D2-CEDB-15D00522AB06}.Debug|Any CPU.ActiveCfg = Debug|Any CPU
		{9EC8DDDC-F1EA-18D2-CEDB-15D00522AB06}.Debug|Any CPU.Build.0 = Debug|Any CPU
		{9EC8DDDC-F1EA-18D2-CEDB-15D00522AB06}.Release|Any CPU.ActiveCfg = Release|Any CPU
		{9EC8DDDC-F1EA-18D2-CEDB-15D00522AB06}.Release|Any CPU.Build.0 = Release|Any CPU
		{5E2883F2-7E38-5839-EB2C-2CB6A7569560}.Debug|Any CPU.ActiveCfg = Debug|Any CPU
		{5E2883F2-7E38-5839-EB2C-2CB6A7569560}.Debug|Any CPU.Build.0 = Debug|Any CPU
		{5E2883F2-7E38-5839-EB2C-2CB6A7569560}.Release|Any CPU.ActiveCfg = Release|Any CPU
		{5E2883F2-7E38-5839-EB2C-2CB6A7569560}.Release|Any CPU.Build.0 = Release|Any CPU
		{8304C0AC-4D9C-05E3-40A3-A2E3EC64A500}.Debug|Any CPU.ActiveCfg = Debug|Any CPU
		{8304C0AC-4D9C-05E3-40A3-A2E3EC64A500}.Debug|Any CPU.Build.0 = Debug|Any CPU
		{8304C0AC-4D9C-05E3-40A3-A2E3EC64A500}.Release|Any CPU.ActiveCfg = Release|Any CPU
		{8304C0AC-4D9C-05E3-40A3-A2E3EC64A500}.Release|Any CPU.Build.0 = Release|Any CPU
		{2EE46D69-6392-9E6F-CCFF-3A38A41CFC77}.Debug|Any CPU.ActiveCfg = Debug|Any CPU
		{2EE46D69-6392-9E6F-CCFF-3A38A41CFC77}.Debug|Any CPU.Build.0 = Debug|Any CPU
		{2EE46D69-6392-9E6F-CCFF-3A38A41CFC77}.Release|Any CPU.ActiveCfg = Release|Any CPU
		{2EE46D69-6392-9E6F-CCFF-3A38A41CFC77}.Release|Any CPU.Build.0 = Release|Any CPU
		{11F618F4-91A3-1FD8-C889-247AE62FF6A2}.Debug|Any CPU.ActiveCfg = Debug|Any CPU
		{11F618F4-91A3-1FD8-C889-247AE62FF6A2}.Debug|Any CPU.Build.0 = Debug|Any CPU
		{11F618F4-91A3-1FD8-C889-247AE62FF6A2}.Release|Any CPU.ActiveCfg = Release|Any CPU
		{11F618F4-91A3-1FD8-C889-247AE62FF6A2}.Release|Any CPU.Build.0 = Release|Any CPU
		{100782D1-A3EA-FE8F-C50F-271C860F186D}.Debug|Any CPU.ActiveCfg = Debug|Any CPU
		{100782D1-A3EA-FE8F-C50F-271C860F186D}.Debug|Any CPU.Build.0 = Debug|Any CPU
		{100782D1-A3EA-FE8F-C50F-271C860F186D}.Release|Any CPU.ActiveCfg = Release|Any CPU
		{100782D1-A3EA-FE8F-C50F-271C860F186D}.Release|Any CPU.Build.0 = Release|Any CPU
		{C6DD00E0-697F-13D1-CCB2-DB76A127F593}.Debug|Any CPU.ActiveCfg = Debug|Any CPU
		{C6DD00E0-697F-13D1-CCB2-DB76A127F593}.Debug|Any CPU.Build.0 = Debug|Any CPU
		{C6DD00E0-697F-13D1-CCB2-DB76A127F593}.Release|Any CPU.ActiveCfg = Release|Any CPU
		{C6DD00E0-697F-13D1-CCB2-DB76A127F593}.Release|Any CPU.Build.0 = Release|Any CPU
	EndGlobalSection
	GlobalSection(SolutionProperties) = preSolution
		HideSolutionNode = FALSE
	EndGlobalSection
EndGlobal
